
Microsoft Visual Studio Solution File, Format Version 12.00
# Visual Studio Version 17
VisualStudioVersion = 17.11.35222.181
MinimumVisualStudioVersion = 10.0.40219.1
Project("{9A19103F-16F7-4668-BE54-9A1E7A4F7556}") = "BetterAIS.Server", "BetterAIS.Server\BetterAIS.Server.csproj", "{500ABCD9-4604-4B36-A31E-B49171D83360}"
EndProject
Project("{54A90642-561A-4BB1-A94E-469ADEE60C69}") = "betterais.client", "betterais.client\betterais.client.esproj", "{CEBC74BF-EA1D-433C-8F59-BD20315E0CBB}"
EndProject
Project("{9A19103F-16F7-4668-BE54-9A1E7A4F7556}") = "BetterAIS.Data", "BetterAIS.Data\BetterAIS.Data.csproj", "{6B31E2C3-2A01-4335-A593-47009487F2F1}"
EndProject
Project("{FAE04EC0-301F-11D3-BF4B-00C04F79EFBC}") = "BetterAIS.Business", "BetterAIS.Business\BetterAIS.Business.csproj", "{6EDB73CF-8BFE-4B42-83E9-4832060D52C7}"
EndProject
Global
	GlobalSection(SolutionConfigurationPlatforms) = preSolution
		Debug|Any CPU = Debug|Any CPU
		Release|Any CPU = Release|Any CPU
	EndGlobalSection
	GlobalSection(ProjectConfigurationPlatforms) = postSolution
		{500ABCD9-4604-4B36-A31E-B49171D83360}.Debug|Any CPU.ActiveCfg = Debug|Any CPU
		{500ABCD9-4604-4B36-A31E-B49171D83360}.Debug|Any CPU.Build.0 = Debug|Any CPU
		{500ABCD9-4604-4B36-A31E-B49171D83360}.Release|Any CPU.ActiveCfg = Release|Any CPU
		{500ABCD9-4604-4B36-A31E-B49171D83360}.Release|Any CPU.Build.0 = Release|Any CPU
		{CEBC74BF-EA1D-433C-8F59-BD20315E0CBB}.Debug|Any CPU.ActiveCfg = Debug|Any CPU
		{CEBC74BF-EA1D-433C-8F59-BD20315E0CBB}.Debug|Any CPU.Build.0 = Debug|Any CPU
		{CEBC74BF-EA1D-433C-8F59-BD20315E0CBB}.Debug|Any CPU.Deploy.0 = Debug|Any CPU
		{CEBC74BF-EA1D-433C-8F59-BD20315E0CBB}.Release|Any CPU.ActiveCfg = Release|Any CPU
		{CEBC74BF-EA1D-433C-8F59-BD20315E0CBB}.Release|Any CPU.Build.0 = Release|Any CPU
		{CEBC74BF-EA1D-433C-8F59-BD20315E0CBB}.Release|Any CPU.Deploy.0 = Release|Any CPU
		{6B31E2C3-2A01-4335-A593-47009487F2F1}.Debug|Any CPU.ActiveCfg = Debug|Any CPU
		{6B31E2C3-2A01-4335-A593-47009487F2F1}.Debug|Any CPU.Build.0 = Debug|Any CPU
		{6B31E2C3-2A01-4335-A593-47009487F2F1}.Release|Any CPU.ActiveCfg = Release|Any CPU
		{6B31E2C3-2A01-4335-A593-47009487F2F1}.Release|Any CPU.Build.0 = Release|Any CPU
		{6EDB73CF-8BFE-4B42-83E9-4832060D52C7}.Debug|Any CPU.ActiveCfg = Debug|Any CPU
		{6EDB73CF-8BFE-4B42-83E9-4832060D52C7}.Debug|Any CPU.Build.0 = Debug|Any CPU
		{6EDB73CF-8BFE-4B42-83E9-4832060D52C7}.Release|Any CPU.ActiveCfg = Release|Any CPU
		{6EDB73CF-8BFE-4B42-83E9-4832060D52C7}.Release|Any CPU.Build.0 = Release|Any CPU
	EndGlobalSection
	GlobalSection(SolutionProperties) = preSolution
		HideSolutionNode = FALSE
	EndGlobalSection
	GlobalSection(ExtensibilityGlobals) = postSolution
		SolutionGuid = {7F674E42-F021-4F2D-9861-41B774B63928}
	EndGlobalSection
EndGlobal
